{
  "version": 4,
  "terraform_version": "1.4.0",
  "serial": 5,
  "lineage": "c79ca1c6-67e4-6dca-e32f-bf939c111c02",
  "outputs": {},
  "resources": [
    {
      "mode": "managed",
      "type": "github_repository",
      "name": "terraform-yt-repo",
      "provider": "provider[\"registry.terraform.io/hashicorp/github\"]",
      "instances": [
        {
          "schema_version": 1,
          "attributes": {
            "allow_auto_merge": false,
            "allow_merge_commit": true,
            "allow_rebase_merge": true,
            "allow_squash_merge": true,
            "allow_update_branch": false,
            "archive_on_destroy": null,
            "archived": false,
            "auto_init": true,
            "default_branch": "main",
            "delete_branch_on_merge": false,
            "description": "repo created by terraform",
            "etag": "W/\"1f251ae5cc50d473c401dfbc309afe6e729ddf13f5e2f985ac6065fcfad98d59\"",
            "full_name": "90singh/terraform-yt-repo",
            "git_clone_url": "git://github.com/90singh/terraform-yt-repo.git",
            "gitignore_template": null,
            "has_discussions": false,
            "has_downloads": false,
            "has_issues": false,
            "has_projects": false,
            "has_wiki": false,
            "homepage_url": "",
            "html_url": "https://github.com/90singh/terraform-yt-repo",
            "http_clone_url": "https://github.com/90singh/terraform-yt-repo.git",
            "id": "terraform-yt-repo",
            "ignore_vulnerability_alerts_during_read": null,
            "is_template": false,
            "license_template": null,
            "merge_commit_message": "PR_TITLE",
            "merge_commit_title": "MERGE_MESSAGE",
            "name": "terraform-yt-repo",
            "node_id": "R_kgDOJNapLw",
            "pages": [],
            "private": false,
            "repo_id": 618047791,
            "security_and_analysis": [
              {
                "advanced_security": [],
                "secret_scanning": [
                  {
                    "status": "disabled"
                  }
                ],
                "secret_scanning_push_protection": [
                  {
                    "status": "disabled"
                  }
                ]
              }
            ],
            "squash_merge_commit_message": "COMMIT_MESSAGES",
            "squash_merge_commit_title": "COMMIT_OR_PR_TITLE",
            "ssh_clone_url": "git@github.com:90singh/terraform-yt-repo.git",
            "svn_url": "https://github.com/90singh/terraform-yt-repo",
            "template": [],
            "topics": null,
            "visibility": "public",
            "vulnerability_alerts": false
          },
          "sensitive_attributes": [],
          "private": "eyJzY2hlbWFfdmVyc2lvbiI6IjEifQ=="
        }
      ]
    }
  ],
  "check_results": null
}
